%{
  "arrays": {:hex, :arrays, "2.0.2", "3a5d4327faedf16ba9c60640928e136592b43849bd07324d95de7a9190025d46", [:mix], [{:extractable, "~> 1.0", [hex: :extractable, repo: "hexpm", optional: false]}, {:fun_land, "~> 0.10.0", [hex: :fun_land, repo: "hexpm", optional: true]}, {:insertable, "~> 1.0", [hex: :insertable, repo: "hexpm", optional: false]}], "hexpm", "c3a8c109bc6665534e6673705f914a3efc6a28a97a3f629fb32f8a35057243b3"},
  "elixir_make": {:hex, :elixir_make, "0.6.3", "bc07d53221216838d79e03a8019d0839786703129599e9619f4ab74c8c096eac", [:mix], [], "hexpm", "f5cbd651c5678bcaabdbb7857658ee106b12509cd976c2c2fca99688e1daf716"},
  "ex_png": {:hex, :ex_png, "1.0.0", "196008a5f02eecce28c928471387c5834bb1403482fd6fa22c94c3e343399edd", [:mix], [], "hexpm", "376dfec466ac1ea1f726ba784a99575047498b350b1f4db607d9bcd756ebbc7d"},
  "extractable": {:hex, :extractable, "1.0.1", "2cf2b213cbda82eb578c821de48fa313cddfa7573b256bce4306248f56b44509", [:mix], [{:type_check, "~> 0.8", [hex: :type_check, repo: "hexpm", optional: false]}], "hexpm", "820e9db7550a62c7d63b760a8da51ab2341ba425563955db005baadcb403b046"},
  "file_system": {:hex, :file_system, "0.2.10", "fb082005a9cd1711c05b5248710f8826b02d7d1784e7c3451f9c1231d4fc162d", [:mix], [], "hexpm", "41195edbfb562a593726eda3b3e8b103a309b733ad25f3d642ba49696bf715dc"},
  "insertable": {:hex, :insertable, "1.0.0", "879c7023b5491bbb694dff78422c94faded616fda963e529916343bc6e35162f", [:mix], [{:type_check, "~> 0.8", [hex: :type_check, repo: "hexpm", optional: false]}], "hexpm", "4b3f60169221a1ace67fdfe8b0d3c35708c098e55df549d4a374b9a7b0255af4"},
  "mix_test_watch": {:hex, :mix_test_watch, "1.1.0", "330bb91c8ed271fe408c42d07e0773340a7938d8a0d281d57a14243eae9dc8c3", [:mix], [{:file_system, "~> 0.2.1 or ~> 0.3", [hex: :file_system, repo: "hexpm", optional: false]}], "hexpm", "52b6b1c476cbb70fd899ca5394506482f12e5f6b0d6acff9df95c7f1e0812ec3"},
  "pixels": {:hex, :pixels, "0.1.2", "0de6fb5529b7490fdd35a43b7c0952b63bb6f2c1c07b0a96ecdcd998e18bb0e6", [:make, :mix], [{:elixir_make, "~> 0.6.0", [hex: :elixir_make, repo: "hexpm", optional: false]}], "hexpm", "87d9d5599aca59774b90399c9acd092b43fab955cfce7d8555563407a787b23b"},
  "type_check": {:hex, :type_check, "0.10.8", "f5edac620cded930c9336adf37167c44f696dbdded52787eecd9101c67bf6e8a", [:mix], [{:stream_data, "~> 0.5.0", [hex: :stream_data, repo: "hexpm", optional: true]}], "hexpm", "f66dbe8b9b415fda3287a41feae45d80bfb2083726d90723629b5fe27a4d3a19"},
}
